
Microsoft Visual Studio Solution File, Format Version 12.00
# Visual Studio Version 16
VisualStudioVersion = 16.0.31410.223
MinimumVisualStudioVersion = 10.0.40219.1
Project("{FAE04EC0-301F-11D3-BF4B-00C04F79EFBC}") = "Sparky", "Sparky\Sparky.csproj", "{0408F1EA-FB12-475F-B1E7-15E0396AB5E0}"
EndProject
Project("{FAE04EC0-301F-11D3-BF4B-00C04F79EFBC}") = "SparkyMSTest", "SparkyMSTest\SparkyMSTest.csproj", "{97FB7332-75B2-484D-9BF1-EAC72579EC55}"
EndProject
Project("{FAE04EC0-301F-11D3-BF4B-00C04F79EFBC}") = "SparkyNUnitTest", "SparkyNUnitTest\SparkyNUnitTest.csproj", "{D38BAAC8-DE1D-4514-BCCE-C78C2AA40522}"
EndProject
Global
	GlobalSection(SolutionConfigurationPlatforms) = preSolution
		Debug|Any CPU = Debug|Any CPU
		Release|Any CPU = Release|Any CPU
	EndGlobalSection
	GlobalSection(ProjectConfigurationPlatforms) = postSolution
		{0408F1EA-FB12-475F-B1E7-15E0396AB5E0}.Debug|Any CPU.ActiveCfg = Debug|Any CPU
		{0408F1EA-FB12-475F-B1E7-15E0396AB5E0}.Debug|Any CPU.Build.0 = Debug|Any CPU
		{0408F1EA-FB12-475F-B1E7-15E0396AB5E0}.Release|Any CPU.ActiveCfg = Release|Any CPU
		{0408F1EA-FB12-475F-B1E7-15E0396AB5E0}.Release|Any CPU.Build.0 = Release|Any CPU
		{97FB7332-75B2-484D-9BF1-EAC72579EC55}.Debug|Any CPU.ActiveCfg = Debug|Any CPU
		{97FB7332-75B2-484D-9BF1-EAC72579EC55}.Debug|Any CPU.Build.0 = Debug|Any CPU
		{97FB7332-75B2-484D-9BF1-EAC72579EC55}.Release|Any CPU.ActiveCfg = Release|Any CPU
		{97FB7332-75B2-484D-9BF1-EAC72579EC55}.Release|Any CPU.Build.0 = Release|Any CPU
		{D38BAAC8-DE1D-4514-BCCE-C78C2AA40522}.Debug|Any CPU.ActiveCfg = Debug|Any CPU
		{D38BAAC8-DE1D-4514-BCCE-C78C2AA40522}.Debug|Any CPU.Build.0 = Debug|Any CPU
		{D38BAAC8-DE1D-4514-BCCE-C78C2AA40522}.Release|Any CPU.ActiveCfg = Release|Any CPU
		{D38BAAC8-DE1D-4514-BCCE-C78C2AA40522}.Release|Any CPU.Build.0 = Release|Any CPU
	EndGlobalSection
	GlobalSection(SolutionProperties) = preSolution
		HideSolutionNode = FALSE
	EndGlobalSection
	GlobalSection(ExtensibilityGlobals) = postSolution
		SolutionGuid = {56CD508C-93F6-4453-9259-2AF4640C84EF}
	EndGlobalSection
EndGlobal
